
Microsoft Visual Studio Solution File, Format Version 12.00
# Visual Studio Version 16
VisualStudioVersion = 16.0.30717.126
MinimumVisualStudioVersion = 10.0.40219.1
Project("{FAE04EC0-301F-11D3-BF4B-00C04F79EFBC}") = "WEBAPICODEFIRSTDEMO", "WEBAPICODEFIRSTDEMO\WEBAPICODEFIRSTDEMO.csproj", "{FD68357E-8B1F-47B5-86CC-A700789342E9}"
EndProject
Global
	GlobalSection(SolutionConfigurationPlatforms) = preSolution
		Debug|Any CPU = Debug|Any CPU
		Release|Any CPU = Release|Any CPU
	EndGlobalSection
	GlobalSection(ProjectConfigurationPlatforms) = postSolution
		{FD68357E-8B1F-47B5-86CC-A700789342E9}.Debug|Any CPU.ActiveCfg = Debug|Any CPU
		{FD68357E-8B1F-47B5-86CC-A700789342E9}.Debug|Any CPU.Build.0 = Debug|Any CPU
		{FD68357E-8B1F-47B5-86CC-A700789342E9}.Release|Any CPU.ActiveCfg = Release|Any CPU
		{FD68357E-8B1F-47B5-86CC-A700789342E9}.Release|Any CPU.Build.0 = Release|Any CPU
	EndGlobalSection
	GlobalSection(SolutionProperties) = preSolution
		HideSolutionNode = FALSE
	EndGlobalSection
	GlobalSection(ExtensibilityGlobals) = postSolution
		SolutionGuid = {2F8E12BB-8F3D-4983-982D-BE459C111B88}
	EndGlobalSection
EndGlobal
